<Solution>
  <Configurations>
    <Platform Name="x64" />
    <Platform Name="x86" />
  </Configurations>
  <Folder Name="/Solution Items/" Id="8ec462fd-d22e-90a8-e5ce-7e832ba40c5d">
    <File Path="README.md" />
  </Folder>
  <Project Path="jsonh_cpp/jsonh_cpp.vcxproj" Id="ec34b661-6705-4d8e-b25e-96a27cf3dfc0" />
  <Project Path="jsonh_cpp_tests/jsonh_cpp_tests.vcxproj" Id="d958ba92-2ff4-489b-b046-9bc0f30301dc" />
</Solution>
